
Microsoft Visual Studio Solution File, Format Version 12.00
# Visual Studio 15
VisualStudioVersion = 15.0.28307.329
MinimumVisualStudioVersion = 10.0.40219.1
Project("{FAE04EC0-301F-11D3-BF4B-00C04F79EFBC}") = "ConsoleApp1", "ConsoleApp1\ConsoleApp1.csproj", "{FE5A6AA4-8E36-46F7-8543-1AD852A72045}"
EndProject
Project("{FAE04EC0-301F-11D3-BF4B-00C04F79EFBC}") = "ConsoleApp2", "ConsoleApp2\ConsoleApp2.csproj", "{3F330140-2478-4BF2-AFAB-35C25D593907}"
EndProject
Global
	GlobalSection(SolutionConfigurationPlatforms) = preSolution
		Debug|Any CPU = Debug|Any CPU
		Release|Any CPU = Release|Any CPU
	EndGlobalSection
	GlobalSection(ProjectConfigurationPlatforms) = postSolution
		{FE5A6AA4-8E36-46F7-8543-1AD852A72045}.Debug|Any CPU.ActiveCfg = Debug|Any CPU
		{FE5A6AA4-8E36-46F7-8543-1AD852A72045}.Debug|Any CPU.Build.0 = Debug|Any CPU
		{FE5A6AA4-8E36-46F7-8543-1AD852A72045}.Release|Any CPU.ActiveCfg = Release|Any CPU
		{FE5A6AA4-8E36-46F7-8543-1AD852A72045}.Release|Any CPU.Build.0 = Release|Any CPU
		{3F330140-2478-4BF2-AFAB-35C25D593907}.Debug|Any CPU.ActiveCfg = Debug|Any CPU
		{3F330140-2478-4BF2-AFAB-35C25D593907}.Debug|Any CPU.Build.0 = Debug|Any CPU
		{3F330140-2478-4BF2-AFAB-35C25D593907}.Release|Any CPU.ActiveCfg = Release|Any CPU
		{3F330140-2478-4BF2-AFAB-35C25D593907}.Release|Any CPU.Build.0 = Release|Any CPU
	EndGlobalSection
	GlobalSection(SolutionProperties) = preSolution
		HideSolutionNode = FALSE
	EndGlobalSection
	GlobalSection(ExtensibilityGlobals) = postSolution
		SolutionGuid = {A5EB1809-4E60-415B-8102-DD5C108A0438}
	EndGlobalSection
EndGlobal
